{
  "nodes": {
    "foundryvtt": {
      "inputs": {
        "nixpkgs": [
          "nixpkgs"
        ]
      },
      "locked": {
        "lastModified": 1739712626,
        "narHash": "sha256-u3m+awbdL+0BKk8IWidsWMr+R0ian3GZMUlH7623kd8=",
        "owner": "reckenrode",
        "repo": "nix-foundryvtt",
        "rev": "a7fa493ba2c623cf90e83756b62285b3b58f18d2",
        "type": "github"
      },
      "original": {
        "owner": "reckenrode",
        "repo": "nix-foundryvtt",
        "type": "github"
      }
    },
    "home-manager": {
      "inputs": {
        "nixpkgs": [
          "nixpkgs"
        ]
      },
      "locked": {
        "lastModified": 1744380363,
        "narHash": "sha256-cXjAUuAfQDPSLSsckZuTioQ986iqSPTzx8D7dLAcC+Q=",
        "owner": "nix-community",
        "repo": "home-manager",
        "rev": "e43c6bcb101ba3301522439c459288c4a248f624",
        "type": "github"
      },
      "original": {
        "owner": "nix-community",
        "ref": "master",
        "repo": "home-manager",
        "type": "github"
      }
    },
    "nixpkgs": {
      "locked": {
        "lastModified": 1744232761,
        "narHash": "sha256-gbl9hE39nQRpZaLjhWKmEu5ejtQsgI5TWYrIVVJn30U=",
        "owner": "NixOS",
        "repo": "nixpkgs",
        "rev": "f675531bc7e6657c10a18b565cfebd8aa9e24c14",
        "type": "github"
      },
      "original": {
        "id": "nixpkgs",
        "ref": "nixos-unstable",
        "type": "indirect"
      }
    },
    "root": {
      "inputs": {
        "foundryvtt": "foundryvtt",
        "home-manager": "home-manager",
        "nixpkgs": "nixpkgs",
        "sops-nix": "sops-nix"
      }
    },
    "sops-nix": {
      "inputs": {
        "nixpkgs": [
          "nixpkgs"
        ]
      },
      "locked": {
        "lastModified": 1744103455,
        "narHash": "sha256-SR6+qjkPjGQG+8eM4dCcVtss8r9bre/LAxFMPJpaZeU=",
        "owner": "Mic92",
        "repo": "sops-nix",
        "rev": "69d5a5a4635c27dae5a742f36108beccc506c1ba",
        "type": "github"
      },
      "original": {
        "owner": "Mic92",
        "repo": "sops-nix",
        "type": "github"
      }
    }
  },
  "root": "root",
  "version": 7
}
